
Microsoft Visual Studio Solution File, Format Version 12.00
# Visual Studio Version 16
VisualStudioVersion = 16.0.33529.622
MinimumVisualStudioVersion = 10.0.40219.1
Project("{FAE04EC0-301F-11D3-BF4B-00C04F79EFBC}") = "TwentyOne", "CLASSES_AND_OBJECTS_P1-2\TwentyOne.csproj", "{49970BE0-1495-4DB3-B222-DD36B9DCA88E}"
EndProject
Global
	GlobalSection(SolutionConfigurationPlatforms) = preSolution
		Debug|Any CPU = Debug|Any CPU
		Release|Any CPU = Release|Any CPU
	EndGlobalSection
	GlobalSection(ProjectConfigurationPlatforms) = postSolution
		{49970BE0-1495-4DB3-B222-DD36B9DCA88E}.Debug|Any CPU.ActiveCfg = Debug|Any CPU
		{49970BE0-1495-4DB3-B222-DD36B9DCA88E}.Debug|Any CPU.Build.0 = Debug|Any CPU
		{49970BE0-1495-4DB3-B222-DD36B9DCA88E}.Release|Any CPU.ActiveCfg = Release|Any CPU
		{49970BE0-1495-4DB3-B222-DD36B9DCA88E}.Release|Any CPU.Build.0 = Release|Any CPU
	EndGlobalSection
	GlobalSection(SolutionProperties) = preSolution
		HideSolutionNode = FALSE
	EndGlobalSection
	GlobalSection(ExtensibilityGlobals) = postSolution
		SolutionGuid = {4A53D7C6-F613-4A0C-AE6E-9159E4490462}
	EndGlobalSection
EndGlobal
