
Microsoft Visual Studio Solution File, Format Version 12.00
# Visual Studio Version 16
VisualStudioVersion = 16.0.33529.622
MinimumVisualStudioVersion = 10.0.40219.1
Project("{FAE04EC0-301F-11D3-BF4B-00C04F79EFBC}") = "PARAMETERS_ASSIGNMENT_CHALLENGE", "PARAMETERS_ASSIGNMENT_CHALLENGE\PARAMETERS_ASSIGNMENT_CHALLENGE.csproj", "{86CE62F4-128A-48AF-A529-8D130A8CD109}"
EndProject
Global
	GlobalSection(SolutionConfigurationPlatforms) = preSolution
		Debug|Any CPU = Debug|Any CPU
		Release|Any CPU = Release|Any CPU
	EndGlobalSection
	GlobalSection(ProjectConfigurationPlatforms) = postSolution
		{86CE62F4-128A-48AF-A529-8D130A8CD109}.Debug|Any CPU.ActiveCfg = Debug|Any CPU
		{86CE62F4-128A-48AF-A529-8D130A8CD109}.Debug|Any CPU.Build.0 = Debug|Any CPU
		{86CE62F4-128A-48AF-A529-8D130A8CD109}.Release|Any CPU.ActiveCfg = Release|Any CPU
		{86CE62F4-128A-48AF-A529-8D130A8CD109}.Release|Any CPU.Build.0 = Release|Any CPU
	EndGlobalSection
	GlobalSection(SolutionProperties) = preSolution
		HideSolutionNode = FALSE
	EndGlobalSection
	GlobalSection(ExtensibilityGlobals) = postSolution
		SolutionGuid = {F2949D85-3408-461D-8370-6EAC949DF2C5}
	EndGlobalSection
EndGlobal
