
Microsoft Visual Studio Solution File, Format Version 12.00
# Visual Studio Version 16
VisualStudioVersion = 16.0.33529.622
MinimumVisualStudioVersion = 10.0.40219.1
Project("{FAE04EC0-301F-11D3-BF4B-00C04F79EFBC}") = "DAILY_REPORT _ASSIGNMENT", "DAILY_REPORT _ASSIGNMENT\DAILY_REPORT _ASSIGNMENT.csproj", "{27004802-C885-4F62-BC0A-D03252D733BA}"
EndProject
Global
	GlobalSection(SolutionConfigurationPlatforms) = preSolution
		Debug|Any CPU = Debug|Any CPU
		Release|Any CPU = Release|Any CPU
	EndGlobalSection
	GlobalSection(ProjectConfigurationPlatforms) = postSolution
		{27004802-C885-4F62-BC0A-D03252D733BA}.Debug|Any CPU.ActiveCfg = Debug|Any CPU
		{27004802-C885-4F62-BC0A-D03252D733BA}.Debug|Any CPU.Build.0 = Debug|Any CPU
		{27004802-C885-4F62-BC0A-D03252D733BA}.Release|Any CPU.ActiveCfg = Release|Any CPU
		{27004802-C885-4F62-BC0A-D03252D733BA}.Release|Any CPU.Build.0 = Release|Any CPU
	EndGlobalSection
	GlobalSection(SolutionProperties) = preSolution
		HideSolutionNode = FALSE
	EndGlobalSection
	GlobalSection(ExtensibilityGlobals) = postSolution
		SolutionGuid = {DF3C2948-8823-4437-BB30-EA699B045AD4}
	EndGlobalSection
EndGlobal
