
Microsoft Visual Studio Solution File, Format Version 12.00
# Visual Studio Version 16
VisualStudioVersion = 16.0.33529.622
MinimumVisualStudioVersion = 10.0.40219.1
Project("{FAE04EC0-301F-11D3-BF4B-00C04F79EFBC}") = "ExampleOfStructSyntax", "ExampleOfStructSyntax\ExampleOfStructSyntax.csproj", "{BA60120C-C690-441F-A350-62C443728F1B}"
EndProject
Global
	GlobalSection(SolutionConfigurationPlatforms) = preSolution
		Debug|Any CPU = Debug|Any CPU
		Release|Any CPU = Release|Any CPU
	EndGlobalSection
	GlobalSection(ProjectConfigurationPlatforms) = postSolution
		{BA60120C-C690-441F-A350-62C443728F1B}.Debug|Any CPU.ActiveCfg = Debug|Any CPU
		{BA60120C-C690-441F-A350-62C443728F1B}.Debug|Any CPU.Build.0 = Debug|Any CPU
		{BA60120C-C690-441F-A350-62C443728F1B}.Release|Any CPU.ActiveCfg = Release|Any CPU
		{BA60120C-C690-441F-A350-62C443728F1B}.Release|Any CPU.Build.0 = Release|Any CPU
	EndGlobalSection
	GlobalSection(SolutionProperties) = preSolution
		HideSolutionNode = FALSE
	EndGlobalSection
	GlobalSection(ExtensibilityGlobals) = postSolution
		SolutionGuid = {7FAE1BA4-8DCC-4826-B9D0-4A7FEE78A236}
	EndGlobalSection
EndGlobal
