
Microsoft Visual Studio Solution File, Format Version 12.00
# Visual Studio Version 16
VisualStudioVersion = 16.0.33529.622
MinimumVisualStudioVersion = 10.0.40219.1
Project("{FAE04EC0-301F-11D3-BF4B-00C04F79EFBC}") = "Writing+Running_Code_Step139_Assignment", "Writing+Running_Code_Step139_Assignment\Writing+Running_Code_Step139_Assignment.csproj", "{0ABB7A7C-B898-4046-AA7A-4BCA8FAE956A}"
EndProject
Global
	GlobalSection(SolutionConfigurationPlatforms) = preSolution
		Debug|Any CPU = Debug|Any CPU
		Release|Any CPU = Release|Any CPU
	EndGlobalSection
	GlobalSection(ProjectConfigurationPlatforms) = postSolution
		{0ABB7A7C-B898-4046-AA7A-4BCA8FAE956A}.Debug|Any CPU.ActiveCfg = Debug|Any CPU
		{0ABB7A7C-B898-4046-AA7A-4BCA8FAE956A}.Debug|Any CPU.Build.0 = Debug|Any CPU
		{0ABB7A7C-B898-4046-AA7A-4BCA8FAE956A}.Release|Any CPU.ActiveCfg = Release|Any CPU
		{0ABB7A7C-B898-4046-AA7A-4BCA8FAE956A}.Release|Any CPU.Build.0 = Release|Any CPU
	EndGlobalSection
	GlobalSection(SolutionProperties) = preSolution
		HideSolutionNode = FALSE
	EndGlobalSection
	GlobalSection(ExtensibilityGlobals) = postSolution
		SolutionGuid = {D52E6363-55F6-4E3A-800F-97459B886409}
	EndGlobalSection
EndGlobal
