
Microsoft Visual Studio Solution File, Format Version 12.00
# Visual Studio Version 16
VisualStudioVersion = 16.0.33529.622
MinimumVisualStudioVersion = 10.0.40219.1
Project("{FAE04EC0-301F-11D3-BF4B-00C04F79EFBC}") = "Try-Catch_Assignment", "Try-Catch_Assignment\Try-Catch_Assignment.csproj", "{B42DF6AA-9DBA-4038-9F6E-241033711E2A}"
EndProject
Global
	GlobalSection(SolutionConfigurationPlatforms) = preSolution
		Debug|Any CPU = Debug|Any CPU
		Release|Any CPU = Release|Any CPU
	EndGlobalSection
	GlobalSection(ProjectConfigurationPlatforms) = postSolution
		{B42DF6AA-9DBA-4038-9F6E-241033711E2A}.Debug|Any CPU.ActiveCfg = Debug|Any CPU
		{B42DF6AA-9DBA-4038-9F6E-241033711E2A}.Debug|Any CPU.Build.0 = Debug|Any CPU
		{B42DF6AA-9DBA-4038-9F6E-241033711E2A}.Release|Any CPU.ActiveCfg = Release|Any CPU
		{B42DF6AA-9DBA-4038-9F6E-241033711E2A}.Release|Any CPU.Build.0 = Release|Any CPU
	EndGlobalSection
	GlobalSection(SolutionProperties) = preSolution
		HideSolutionNode = FALSE
	EndGlobalSection
	GlobalSection(ExtensibilityGlobals) = postSolution
		SolutionGuid = {C33E13B3-263A-43C2-BA2E-9C0DE20EBF03}
	EndGlobalSection
EndGlobal
